version = 1
revision = 3
requires-python = "==3.11.*"

[[package]]
name = "cloudpickle"
version = "3.1.2"
source = { registry = "https://pypi.org/simple" }
sdist = { url = "https://files.pythonhosted.org/packages/27/fb/576f067976d320f5f0114a8d9fa1215425441bb35627b1993e5afd8111e5/cloudpickle-3.1.2.tar.gz", hash = "sha256:7fda9eb655c9c230dab534f1983763de5835249750e85fbcef43aaa30a9a2414", size = 22330, upload-time = "2025-11-03T09:25:26.604Z" }
wheels = [
    { url = "https://files.pythonhosted.org/packages/88/39/799be3f2f0f38cc727ee3b4f1445fe6d5e4133064ec2e4115069418a5bb6/cloudpickle-3.1.2-py3-none-any.whl", hash = "sha256:9acb47f6afd73f60dc1df93bb801b472f05ff42fa6c84167d25cb206be1fbf4a", size = 22228, upload-time = "2025-11-03T09:25:25.534Z" },
]

[[package]]
name = "exchange-calendars"
version = "4.13.2"
source = { registry = "https://pypi.org/simple" }
dependencies = [
    { name = "korean-lunar-calendar" },
    { name = "numpy" },
    { name = "pandas" },
    { name = "pyluach" },
    { name = "toolz" },
    { name = "tzdata" },
]
sdist = { url = "https://files.pythonhosted.org/packages/47/73/460b0ece4e7444e3098b7738974c822787e134578d069d3a88b4be17d50a/exchange_calendars-4.13.2.tar.gz", hash = "sha256:a9459425dd64142cd54fbc639847403c7e0c33d60fbc326c94fc1d6bd127f002", size = 4137321, upload-time = "2026-03-10T03:24:38.536Z" }
wheels = [
    { url = "https://files.pythonhosted.org/packages/c8/4c/0469b40057bc9f8d9594dcc6024202626b981ae4b52dfcd304552e8e1c3a/exchange_calendars-4.13.2-py3-none-any.whl", hash = "sha256:fc5a2ad0d61b5c3a6539a3061cd4cbb55c59f4a903455cec7926e4b798919996", size = 213306, upload-time = "2026-03-10T03:24:37.055Z" },
]

[[package]]
name = "joblib"
version = "1.6.0"
source = { registry = "https://pypi.org/simple" }
dependencies = [
    { name = "cloudpickle" },
]
sdist = { url = "https://files.pythonhosted.org/packages/d5/1d/537ab090f302b838943a1b56497dd53059b9a9b46a074936470173a2e207/joblib-1.6.0.tar.gz", hash = "sha256:2ccc96785b12046c08fd6d55839c12857831b54a3c1673ffadd2f04bfc4eda03", size = 327903, upload-time = "2026-08-31T09:39:04.122Z" }
wheels = [
    { url = "https://files.pythonhosted.org/packages/18/53/84099323c2ec4be98d935f63c033ac4151ee83836ca1050ede3b3aadf155/joblib-1.6.0-py3-none-any.whl", hash = "sha256:3dbbf9f6e4b592a2357b854608e980fe6390d131d7a82f011a377ef2ebef7aba", size = 306115, upload-time = "2026-08-31T09:39:02.298Z" },
]

[[package]]
name = "korean-lunar-calendar"
version = "0.4.0"
source = { registry = "https://pypi.org/simple" }
sdist = { url = "https://files.pythonhosted.org/packages/d5/9f/6160e95f3934026194dc7a0b5c78fe5c6e74761830ddea3e9cfc38e3f983/korean_lunar_calendar-0.4.0.tar.gz", hash = "sha256:be56f27bc0594fdbbdf7bbe00f504a9f929a31e311bd7d9bb93561b645afade7", size = 13425, upload-time = "2026-06-15T14:19:57.163Z" }
wheels = [
    { url = "https://files.pythonhosted.org/packages/c1/88/f56033b09fdca5c8c5e5fc2f3513950a05cd62caa9bd8e6d2750a887c86e/korean_lunar_calendar-0.4.0-py3-none-any.whl", hash = "sha256:c042e20de0bb702add6bec8d0f6da1ea8d3b170838e63846f70420cf341fe4e7", size = 11323, upload-time = "2026-06-15T14:19:56.089Z" },
]

[[package]]
name = "narwhals"
version = "2.26.0"
source = { registry = "https://pypi.org/simple" }
sdist = { url = "https://files.pythonhosted.org/packages/35/68/5351e34623d253423240ea7de3f8fc74fa8ab14b1ab3c0ec4ac8997413c9/narwhals-2.26.0.tar.gz", hash = "sha256:6b9cadca82f375c7e4cf584fdc86ca25da54827307a9c58f94547ee6104b82dd", size = 686970, upload-time = "2026-09-08T13:32:08.964Z" }
wheels = [
    { url = "https://files.pythonhosted.org/packages/40/b5/1b84b2c784db76d69442334bc8b8748c840f13ca53be086f4f250ad4a0bc/narwhals-2.26.0-py3-none-any.whl", hash = "sha256:29326d74f107c347fd1009bd58e38d9f7c7c5b51e6de97bc93dbc325d9038b54", size = 474034, upload-time = "2026-09-08T13:32:07.159Z" },
]

[[package]]
name = "numpy"
version = "2.4.6"
source = { registry = "https://pypi.org/simple" }
sdist = { url = "https://files.pythonhosted.org/packages/d0/ad/fed0499ce6a338d2a03ebae59cd15093910c8875328855781952abf6c2fe/numpy-2.4.6.tar.gz", hash = "sha256:f3a3570c4a2a16746ac2c31a7c7c7b0c186b95ce902e33db6f28094ed7387dda", size = 20735807, upload-time = "2026-05-18T23:37:14.07Z" }
wheels = [
    { url = "https://files.pythonhosted.org/packages/b3/49/ec46835a70be8fa6446c495126ac84fdb28cb2558e1620ffb87a10c8b64c/numpy-2.4.6-cp311-cp311-macosx_10_9_x86_64.whl", hash = "sha256:0280e0356c0829a18d9de1cb7eee50ec22ca639878d7240307ca0943d73cd2c4", size = 16969194, upload-time = "2026-05-18T23:33:13.503Z" },
    { url = "https://files.pythonhosted.org/packages/0e/0d/f5957185c0ee2f3e12f78715aa9e3b353fd83633316c8532b38faa37e3f6/numpy-2.4.6-cp311-cp311-macosx_11_0_arm64.whl", hash = "sha256:110f8b71aacb688ec69062bb7f6938a0f8acb01b7c1c4beb453c65b6d234584d", size = 14964111, upload-time = "2026-05-18T23:33:17.795Z" },
    { url = "https://files.pythonhosted.org/packages/ad/40/40a40ee0ddf7ceb782c49af278894b686e586d65d8c1889c8b5da01a3d7d/numpy-2.4.6-cp311-cp311-macosx_14_0_arm64.whl", hash = "sha256:4cfe66903cc32a9921a6733d96b19bb6abf310397581bbad89c228f5abaf0ee8", size = 5469159, upload-time = "2026-05-18T23:33:20.654Z" },
    { url = "https://files.pythonhosted.org/packages/63/13/f9a8046535cb21deae82f8d03de9617e08882d274fad2539630761888228/numpy-2.4.6-cp311-cp311-macosx_14_0_x86_64.whl", hash = "sha256:8155154c7c691289fe18f510b5d4657c68c67989f293f0535a91360392ff6538", size = 6798936, upload-time = "2026-05-18T23:33:22.987Z" },
    { url = "https://files.pythonhosted.org/packages/33/a8/6fa8c1a345a8c85dbb21932c447bee07c30a2c2a3f31e369c0a84b300147/numpy-2.4.6-cp311-cp311-manylinux_2_27_aarch64.manylinux_2_28_aarch64.whl", hash = "sha256:0ab0a9c4ffb1a6d95ef519fe4247dba8eb6b18ad93999f76b7f657039acabd47", size = 15966692, upload-time = "2026-05-18T23:33:26.62Z" },
    { url = "https://files.pythonhosted.org/packages/02/03/74fe2a4cb3817d94d86402f2506554130a2f01414e299b5a843e5a8a957f/numpy-2.4.6-cp311-cp311-manylinux_2_27_x86_64.manylinux_2_28_x86_64.whl", hash = "sha256:89cd468399cfd2504718f0ba50e410dca55a170b61a02ad92bb18c8a65186e93", size = 16918164, upload-time = "2026-05-18T23:33:29.955Z" },
    { url = "https://files.pythonhosted.org/packages/c5/80/3615be3313f7e7696609bc194b9f0101da809df79e859bdb84e0cd043f46/numpy-2.4.6-cp311-cp311-musllinux_1_2_aarch64.whl", hash = "sha256:c2d37ab77531417474168eb79d6d80b14f821a966818505d03013d0833edb7a8", size = 17322877, upload-time = "2026-05-18T23:33:34.724Z" },
    { url = "https://files.pythonhosted.org/packages/ca/ac/a691e0fe2675e370d0e08ff905adc49a1c8830e8cae03efe4477e92cd55d/numpy-2.4.6-cp311-cp311-musllinux_1_2_x86_64.whl", hash = "sha256:f407cb6b8e9d6d8c626bc73c945db1706035af8fd632295547bf1c9e46d092d6", size = 18651487, upload-time = "2026-05-18T23:33:38.217Z" },
    { url = "https://files.pythonhosted.org/packages/15/a7/9bc1cd626d7bf6869bfedf27b91b6ab5dd607758bf8e959d6fa80c6a59cb/numpy-2.4.6-cp311-cp311-win32.whl", hash = "sha256:ddea102b48f9e339f3948bf22040944184627a30fdf7f858667673b9c5f033c8", size = 6233945, upload-time = "2026-05-18T23:33:41.331Z" },
    { url = "https://files.pythonhosted.org/packages/c5/31/7fc6239c12bce7e931463251cca4426c465e1876ba3cc785402ef4dd8f4e/numpy-2.4.6-cp311-cp311-win_amd64.whl", hash = "sha256:1e254a00cdf42b1e4d5b3d68d33af63268d41340d8885df2ab6470f2e1500147", size = 12608406, upload-time = "2026-05-18T23:33:44.131Z" },
    { url = "https://files.pythonhosted.org/packages/27/83/140f85a466595a16382996a1bf06b2b54bcd597488921b0c9daaeeda72af/numpy-2.4.6-cp311-cp311-win_arm64.whl", hash = "sha256:ed9749eef4cbd126da3dc1d6bcb3a57f5eb7ac6a6484146bdbf743f552dfc577", size = 10479528, upload-time = "2026-05-18T23:33:50.725Z" },
    { url = "https://files.pythonhosted.org/packages/de/12/b422cc84439adc0d00de605bf4a308890ae5c26f2c71fbd73e5d08fbb0dd/numpy-2.4.6-pp311-pypy311_pp73-macosx_10_15_x86_64.whl", hash = "sha256:55cced7c52e981362f708ad635198e97a752dfba412cc03c23bbf3bd8d5cd662", size = 16847511, upload-time = "2026-05-18T23:36:50.673Z" },
    { url = "https://files.pythonhosted.org/packages/44/53/f481bef68011740f8849418d82db07230e825013f31f4eef5ba5b805316a/numpy-2.4.6-pp311-pypy311_pp73-macosx_11_0_arm64.whl", hash = "sha256:d6da64deb6b8ed903e7560180a92f2d804ee1ba5eeb849ac2748b8c1aba1f6d7", size = 14889064, upload-time = "2026-05-18T23:36:53.879Z" },
    { url = "https://files.pythonhosted.org/packages/7f/57/42ed575c10ced8af951d426bc4e1f8aff16fd851db33f067036215a7f860/numpy-2.4.6-pp311-pypy311_pp73-macosx_14_0_arm64.whl", hash = "sha256:68a5124b13fa6cc2086764a20005d30bc0548146f7f5322f02fce212ca14317f", size = 5394157, upload-time = "2026-05-18T23:36:57.194Z" },
    { url = "https://files.pythonhosted.org/packages/6a/ef/f66cc724fcc36c1e364c67f51ae9146090b8b584f27d58b97fdae3edd737/numpy-2.4.6-pp311-pypy311_pp73-macosx_14_0_x86_64.whl", hash = "sha256:948424b06129ce883307e8cff868c31396d8dc7630a59c61d70d98dbe70f222c", size = 6708728, upload-time = "2026-05-18T23:36:59.575Z" },
    { url = "https://files.pythonhosted.org/packages/1a/9c/c531f2293b91265d8b48e9b329f54fdd7ffae73cb4134ea10cca4237e9cc/numpy-2.4.6-pp311-pypy311_pp73-manylinux_2_27_aarch64.manylinux_2_28_aarch64.whl", hash = "sha256:5dbbdb29840ca3d91ee0fece42fc29278886d908280bfec0a5846c6f901a3eb0", size = 15798374, upload-time = "2026-05-18T23:37:02.674Z" },
    { url = "https://files.pythonhosted.org/packages/1a/b0/413077f6b1153ed3cba361401c6783bbad6114804a000cc22eb71c13e190/numpy-2.4.6-pp311-pypy311_pp73-manylinux_2_27_x86_64.manylinux_2_28_x86_64.whl", hash = "sha256:8ad03c0965fb3c692200e74d458ca28c1dbb4ce96f9a479a8aa041ad5fabca02", size = 16747286, upload-time = "2026-05-18T23:37:06.327Z" },
    { url = "https://files.pythonhosted.org/packages/15/ce/e5ec180bc41812edcd8daeb8639d205622c0e8c02259d8ab25a0201b3c2a/numpy-2.4.6-pp311-pypy311_pp73-win_amd64.whl", hash = "sha256:2803abfebfc990042cd494d8ce2d5f82e9d847af6d35ec486923aa19dbad5e73", size = 12504263, upload-time = "2026-05-18T23:37:09.715Z" },
]

[[package]]
name = "pandas"
version = "2.3.3"
source = { registry = "https://pypi.org/simple" }
dependencies = [
    { name = "numpy" },
    { name = "python-dateutil" },
    { name = "pytz" },
    { name = "tzdata" },
]
sdist = { url = "https://files.pythonhosted.org/packages/33/01/d40b85317f86cf08d853a4f495195c73815fdf205eef3993821720274518/pandas-2.3.3.tar.gz", hash = "sha256:e05e1af93b977f7eafa636d043f9f94c7ee3ac81af99c13508215942e64c993b", size = 4495223, upload-time = "2025-09-29T23:34:51.853Z" }
wheels = [
    { url = "https://files.pythonhosted.org/packages/c1/fa/7ac648108144a095b4fb6aa3de1954689f7af60a14cf25583f4960ecb878/pandas-2.3.3-cp311-cp311-macosx_10_9_x86_64.whl", hash = "sha256:602b8615ebcc4a0c1751e71840428ddebeb142ec02c786e8ad6b1ce3c8dec523", size = 11578790, upload-time = "2025-09-29T23:18:30.065Z" },
    { url = "https://files.pythonhosted.org/packages/9b/35/74442388c6cf008882d4d4bdfc4109be87e9b8b7ccd097ad1e7f006e2e95/pandas-2.3.3-cp311-cp311-macosx_11_0_arm64.whl", hash = "sha256:8fe25fc7b623b0ef6b5009149627e34d2a4657e880948ec3c840e9402e5c1b45", size = 10833831, upload-time = "2025-09-29T23:38:56.071Z" },
    { url = "https://files.pythonhosted.org/packages/fe/e4/de154cbfeee13383ad58d23017da99390b91d73f8c11856f2095e813201b/pandas-2.3.3-cp311-cp311-manylinux_2_24_aarch64.manylinux_2_28_aarch64.whl", hash = "sha256:b468d3dad6ff947df92dcb32ede5b7bd41a9b3cceef0a30ed925f6d01fb8fa66", size = 12199267, upload-time = "2025-09-29T23:18:41.627Z" },
    { url = "https://files.pythonhosted.org/packages/bf/c9/63f8d545568d9ab91476b1818b4741f521646cbdd151c6efebf40d6de6f7/pandas-2.3.3-cp311-cp311-manylinux_2_24_x86_64.manylinux_2_28_x86_64.whl", hash = "sha256:b98560e98cb334799c0b07ca7967ac361a47326e9b4e5a7dfb5ab2b1c9d35a1b", size = 12789281, upload-time = "2025-09-29T23:18:56.834Z" },
    { url = "https://files.pythonhosted.org/packages/f2/00/a5ac8c7a0e67fd1a6059e40aa08fa1c52cc00709077d2300e210c3ce0322/pandas-2.3.3-cp311-cp311-musllinux_1_2_aarch64.whl", hash = "sha256:1d37b5848ba49824e5c30bedb9c830ab9b7751fd049bc7914533e01c65f79791", size = 13240453, upload-time = "2025-09-29T23:19:09.247Z" },
    { url = "https://files.pythonhosted.org/packages/27/4d/5c23a5bc7bd209231618dd9e606ce076272c9bc4f12023a70e03a86b4067/pandas-2.3.3-cp311-cp311-musllinux_1_2_x86_64.whl", hash = "sha256:db4301b2d1f926ae677a751eb2bd0e8c5f5319c9cb3f88b0becbbb0b07b34151", size = 13890361, upload-time = "2025-09-29T23:19:25.342Z" },
    { url = "https://files.pythonhosted.org/packages/8e/59/712db1d7040520de7a4965df15b774348980e6df45c129b8c64d0dbe74ef/pandas-2.3.3-cp311-cp311-win_amd64.whl", hash = "sha256:f086f6fe114e19d92014a1966f43a3e62285109afe874f067f5abbdcbb10e59c", size = 11348702, upload-time = "2025-09-29T23:19:38.296Z" },
]

[[package]]
name = "pyluach"
version = "2.3.0"
source = { registry = "https://pypi.org/simple" }
sdist = { url = "https://files.pythonhosted.org/packages/11/11/42568c1568a75f8803c59f26d29af01a0890352b7a8e03d41ecda8bfb5dd/pyluach-2.3.0.tar.gz", hash = "sha256:ec6e30669d1df50c9ca160486da44a8195bb4c7a5d3d533990d0c5b03accd281", size = 26910, upload-time = "2025-09-09T20:24:39.651Z" }
wheels = [
    { url = "https://files.pythonhosted.org/packages/8a/c8/f96208ade3ca4c23b372497d0788bcf0f2e0ff4310e5ee693366bc33fdf0/pyluach-2.3.0-py3-none-any.whl", hash = "sha256:4497b731aef59508b079dbf5f00bc5bf4329ac45090a6cd37b5a83756f0e69ab", size = 25914, upload-time = "2025-09-09T20:24:37.831Z" },
]

[[package]]
name = "python-dateutil"
version = "2.9.0.post0"
source = { registry = "https://pypi.org/simple" }
dependencies = [
    { name = "six" },
]
sdist = { url = "https://files.pythonhosted.org/packages/66/c0/0c8b6ad9f17a802ee498c46e004a0eb49bc148f2fd230864601a86dcf6db/python-dateutil-2.9.0.post0.tar.gz", hash = "sha256:37dd54208da7e1cd875388217d5e00ebd4179249f90fb72437e91a35459a0ad3", size = 342432, upload-time = "2024-03-01T18:36:20.211Z" }
wheels = [
    { url = "https://files.pythonhosted.org/packages/ec/57/56b9bcc3c9c6a792fcbaf139543cee77261f3651ca9da0c93f5c1221264b/python_dateutil-2.9.0.post0-py2.py3-none-any.whl", hash = "sha256:a8b2bc7bffae282281c8140a97d3aa9c14da0b136dfe83f850eea9a5f7470427", size = 229892, upload-time = "2024-03-01T18:36:18.57Z" },
]

[[package]]
name = "pytz"
version = "2026.5"
source = { registry = "https://pypi.org/simple" }
sdist = { url = "https://files.pythonhosted.org/packages/14/21/d83d6ef28c4c912c4bb4d1dcf591f7b8c6bde87b9c66f9f454677314e16d/pytz-2026.5.tar.gz", hash = "sha256:fa23724b9c486543b9ff54a327ee7569ac83ade54bb9afd0fc18676620401c86", size = 318572, upload-time = "2026-10-04T02:37:58.719Z" }
wheels = [
    { url = "https://files.pythonhosted.org/packages/4f/ef/c66110d46fb800dda0bf33164182dfadabe26a90e4476844d502a23dca8e/pytz-2026.5-py2.py3-none-any.whl", hash = "sha256:e658af3757f9e26a9d25dd2aff38335acd92bc9104f890a894b2c1ba28311b03", size = 506342, upload-time = "2026-10-04T02:37:56.814Z" },
]

[[package]]
name = "rebalance-review-verification"
version = "1.0.0"
source = { virtual = "." }
dependencies = [
    { name = "exchange-calendars" },
    { name = "numpy" },
    { name = "pandas" },
    { name = "scikit-learn" },
    { name = "scipy" },
]

[package.metadata]
requires-dist = [
    { name = "exchange-calendars", specifier = "==4.13.2" },
    { name = "numpy", specifier = "==2.4.6" },
    { name = "pandas", specifier = "==2.3.3" },
    { name = "scikit-learn", specifier = "==1.9.1" },
    { name = "scipy", specifier = "==1.17.1" },
]

[[package]]
name = "scikit-learn"
version = "1.9.1"
source = { registry = "https://pypi.org/simple" }
dependencies = [
    { name = "joblib" },
    { name = "narwhals" },
    { name = "numpy" },
    { name = "scipy" },
    { name = "threadpoolctl" },
]
sdist = { url = "https://files.pythonhosted.org/packages/d2/eb/eaf5e07fcc0da7149b0e084f24e54edd7441b9a89ce7e034032ae97fe3a0/scikit_learn-1.9.1.tar.gz", hash = "sha256:629cada3e33e2b9bf376cdc7614a47a4140b8aedc1d836579e359736fbd82977", size = 7786908, upload-time = "2026-09-10T18:34:04.679Z" }
wheels = [
    { url = "https://files.pythonhosted.org/packages/79/67/1904bf57ab9ea77b5ba3899178bcb35ff8d814fc38ef6d1283bcddeaf04a/scikit_learn-1.9.1-cp311-cp311-macosx_10_9_x86_64.whl", hash = "sha256:326c188f92084bf58664229f4578eeab6176313b37cd5dfc85abd92b94130c58", size = 8823771, upload-time = "2026-09-10T18:32:29.891Z" },
    { url = "https://files.pythonhosted.org/packages/23/31/dc50d8780ac647bed9417f10a8b15ae3cf990ad7edb4f4b468f35030f8c5/scikit_learn-1.9.1-cp311-cp311-macosx_12_0_arm64.whl", hash = "sha256:b48b2b5b41d9c5fbafef5f37b042f61110df3318ad2a45baf57287ea5b9ba5a2", size = 8290892, upload-time = "2026-09-10T18:32:32.441Z" },
    { url = "https://files.pythonhosted.org/packages/a1/aa/a7a61517eaaa8acbf6061d255a625034e4afa277caff47e829574cc21d1c/scikit_learn-1.9.1-cp311-cp311-manylinux_2_27_aarch64.manylinux_2_28_aarch64.whl", hash = "sha256:4298fcc01b3d8fa9768d36894e99cce0747b3b2dd73bfd80779e393769d0afab", size = 9026402, upload-time = "2026-09-10T18:32:34.482Z" },
    { url = "https://files.pythonhosted.org/packages/69/46/f8b95a7a16fd13b458401d5e85a63d88ecb3679f3649812d5fdbea4c8357/scikit_learn-1.9.1-cp311-cp311-manylinux_2_27_x86_64.manylinux_2_28_x86_64.whl", hash = "sha256:52a0703bbc07ad27f560fa63fa68e4c54dd735bfbbf65b4dd3c225dc7547b6df", size = 9315422, upload-time = "2026-09-10T18:32:36.581Z" },
    { url = "https://files.pythonhosted.org/packages/29/8a/8d1e888fe3d0dd4e2a1f3356dad703eed569aaf673e222b6f647005ad30f/scikit_learn-1.9.1-cp311-cp311-win_amd64.whl", hash = "sha256:220fa18152852a5ce29c49e1eaba9d44ec44631cd2e5cf65f5a40eafa5ab3412", size = 8329877, upload-time = "2026-09-10T18:32:38.729Z" },
    { url = "https://files.pythonhosted.org/packages/97/44/8f43f8de3e025c505efbd88b9264008f39490fbaf15a5ca8dbd8dae0cb74/scikit_learn-1.9.1-cp311-cp311-win_arm64.whl", hash = "sha256:8218cb8938d3031e0d23842838425490c229ecf3e99f666776e09d12ed902352", size = 7954229, upload-time = "2026-09-10T18:32:40.661Z" },
]

[[package]]
name = "scipy"
version = "1.17.1"
source = { registry = "https://pypi.org/simple" }
dependencies = [
    { name = "numpy" },
]
sdist = { url = "https://files.pythonhosted.org/packages/7a/97/5a3609c4f8d58b039179648e62dd220f89864f56f7357f5d4f45c29eb2cc/scipy-1.17.1.tar.gz", hash = "sha256:95d8e012d8cb8816c226aef832200b1d45109ed4464303e997c5b13122b297c0", size = 30573822, upload-time = "2026-02-23T00:26:24.851Z" }
wheels = [
    { url = "https://files.pythonhosted.org/packages/df/75/b4ce781849931fef6fd529afa6b63711d5a733065722d0c3e2724af9e40a/scipy-1.17.1-cp311-cp311-macosx_10_14_x86_64.whl", hash = "sha256:1f95b894f13729334fb990162e911c9e5dc1ab390c58aa6cbecb389c5b5e28ec", size = 31613675, upload-time = "2026-02-23T00:16:00.13Z" },
    { url = "https://files.pythonhosted.org/packages/f7/58/bccc2861b305abdd1b8663d6130c0b3d7cc22e8d86663edbc8401bfd40d4/scipy-1.17.1-cp311-cp311-macosx_12_0_arm64.whl", hash = "sha256:e18f12c6b0bc5a592ed23d3f7b891f68fd7f8241d69b7883769eb5d5dfb52696", size = 28162057, upload-time = "2026-02-23T00:16:09.456Z" },
    { url = "https://files.pythonhosted.org/packages/6d/ee/18146b7757ed4976276b9c9819108adbc73c5aad636e5353e20746b73069/scipy-1.17.1-cp311-cp311-macosx_14_0_arm64.whl", hash = "sha256:a3472cfbca0a54177d0faa68f697d8ba4c80bbdc19908c3465556d9f7efce9ee", size = 20334032, upload-time = "2026-02-23T00:16:17.358Z" },
    { url = "https://files.pythonhosted.org/packages/ec/e6/cef1cf3557f0c54954198554a10016b6a03b2ec9e22a4e1df734936bd99c/scipy-1.17.1-cp311-cp311-macosx_14_0_x86_64.whl", hash = "sha256:766e0dc5a616d026a3a1cffa379af959671729083882f50307e18175797b3dfd", size = 22709533, upload-time = "2026-02-23T00:16:25.791Z" },
    { url = "https://files.pythonhosted.org/packages/4d/60/8804678875fc59362b0fb759ab3ecce1f09c10a735680318ac30da8cd76b/scipy-1.17.1-cp311-cp311-manylinux_2_27_aarch64.manylinux_2_28_aarch64.whl", hash = "sha256:744b2bf3640d907b79f3fd7874efe432d1cf171ee721243e350f55234b4cec4c", size = 33062057, upload-time = "2026-02-23T00:16:36.931Z" },
    { url = "https://files.pythonhosted.org/packages/09/7d/af933f0f6e0767995b4e2d705a0665e454d1c19402aa7e895de3951ebb04/scipy-1.17.1-cp311-cp311-manylinux_2_27_x86_64.manylinux_2_28_x86_64.whl", hash = "sha256:43af8d1f3bea642559019edfe64e9b11192a8978efbd1539d7bc2aaa23d92de4", size = 35349300, upload-time = "2026-02-23T00:16:49.108Z" },
    { url = "https://files.pythonhosted.org/packages/b4/3d/7ccbbdcbb54c8fdc20d3b6930137c782a163fa626f0aef920349873421ba/scipy-1.17.1-cp311-cp311-musllinux_1_2_aarch64.whl", hash = "sha256:cd96a1898c0a47be4520327e01f874acfd61fb48a9420f8aa9f6483412ffa444", size = 35127333, upload-time = "2026-02-23T00:17:01.293Z" },
    { url = "https://files.pythonhosted.org/packages/e8/19/f926cb11c42b15ba08e3a71e376d816ac08614f769b4f47e06c3580c836a/scipy-1.17.1-cp311-cp311-musllinux_1_2_x86_64.whl", hash = "sha256:4eb6c25dd62ee8d5edf68a8e1c171dd71c292fdae95d8aeb3dd7d7de4c364082", size = 37741314, upload-time = "2026-02-23T00:17:12.576Z" },
    { url = "https://files.pythonhosted.org/packages/95/da/0d1df507cf574b3f224ccc3d45244c9a1d732c81dcb26b1e8a766ae271a8/scipy-1.17.1-cp311-cp311-win_amd64.whl", hash = "sha256:d30e57c72013c2a4fe441c2fcb8e77b14e152ad48b5464858e07e2ad9fbfceff", size = 36607512, upload-time = "2026-02-23T00:17:23.424Z" },
    { url = "https://files.pythonhosted.org/packages/68/7f/bdd79ceaad24b671543ffe0ef61ed8e659440eb683b66f033454dcee90eb/scipy-1.17.1-cp311-cp311-win_arm64.whl", hash = "sha256:9ecb4efb1cd6e8c4afea0daa91a87fbddbce1b99d2895d151596716c0b2e859d", size = 24599248, upload-time = "2026-02-23T00:17:34.561Z" },
]

[[package]]
name = "six"
version = "1.17.0"
source = { registry = "https://pypi.org/simple" }
sdist = { url = "https://files.pythonhosted.org/packages/94/e7/b2c673351809dca68a0e064b6af791aa332cf192da575fd474ed7d6f16a2/six-1.17.0.tar.gz", hash = "sha256:ff70335d468e7eb6ec65b95b99d3a2836546063f63acc5171de367e834932a81", size = 34031, upload-time = "2024-12-04T17:35:28.174Z" }
wheels = [
    { url = "https://files.pythonhosted.org/packages/b7/ce/149a00dd41f10bc29e5921b496af8b574d8413afcd5e30dfa0ed46c2cc5e/six-1.17.0-py2.py3-none-any.whl", hash = "sha256:4721f391ed90541fddacab5acf947aa0d3dc7d27b2e1e8eda2be8970586c3274", size = 11050, upload-time = "2024-12-04T17:35:26.475Z" },
]

[[package]]
name = "threadpoolctl"
version = "3.7.0"
source = { registry = "https://pypi.org/simple" }
sdist = { url = "https://files.pythonhosted.org/packages/00/dc/6c58154c1c65f758ea979e7139cb76993a9cfc662d14e9be3c4a667cfb77/threadpoolctl-3.7.0.tar.gz", hash = "sha256:61348cfb77d53b9242e0017029244b559b810c142ced65b4e21eeca1843959a7", size = 31961, upload-time = "2026-09-15T15:46:20.263Z" }
wheels = [
    { url = "https://files.pythonhosted.org/packages/43/3f/f88a53f60a472b46f4023f56d204dd7de33d34c5d2acbfa0d70a674e639e/threadpoolctl-3.7.0-py3-none-any.whl", hash = "sha256:cd8b60b5641b45c67bbf73c64c843235fc2d8a480c87389f52f5dbee893b86be", size = 26362, upload-time = "2026-09-15T15:46:19.168Z" },
]

[[package]]
name = "toolz"
version = "1.1.0"
source = { registry = "https://pypi.org/simple" }
sdist = { url = "https://files.pythonhosted.org/packages/11/d6/114b492226588d6ff54579d95847662fc69196bdeec318eb45393b24c192/toolz-1.1.0.tar.gz", hash = "sha256:27a5c770d068c110d9ed9323f24f1543e83b2f300a687b7891c1a6d56b697b5b", size = 52613, upload-time = "2025-10-17T04:03:21.661Z" }
wheels = [
    { url = "https://files.pythonhosted.org/packages/fb/12/5911ae3eeec47800503a238d971e51722ccea5feb8569b735184d5fcdbc0/toolz-1.1.0-py3-none-any.whl", hash = "sha256:15ccc861ac51c53696de0a5d6d4607f99c210739caf987b5d2054f3efed429d8", size = 58093, upload-time = "2025-10-17T04:03:20.435Z" },
]

[[package]]
name = "tzdata"
version = "2026.5"
source = { registry = "https://pypi.org/simple" }
sdist = { url = "https://files.pythonhosted.org/packages/d9/68/f1b440335057bfce71b6e50a9d09445aa2ecbd08359a337976627b8409e7/tzdata-2026.5.tar.gz", hash = "sha256:8cc73c0a0bfca7dbfa59235d60b2eff82231dee33f53d206db1acd9173cfc0a7", size = 200404, upload-time = "2026-10-03T09:23:14.143Z" }
wheels = [
    { url = "https://files.pythonhosted.org/packages/94/21/1e5995a1c920cce14e4bffae20c665ec10e7ed03ab25e006cd741092b718/tzdata-2026.5-py2.py3-none-any.whl", hash = "sha256:b683bd1b6659ddcd810ff02ad09ba821d4bf1065072805063eb35c49617905ac", size = 347996, upload-time = "2026-10-03T09:23:12.535Z" },
]
